Microsoft Visual Studio Solution File, Format Version 12.00
# Visual Studio Version 17
VisualStudioVersion = 17.5.2.0
MinimumVisualStudioVersion = 10.0.40219.1
Project("{FAE04EC0-301F-11D3-BF4B-00C04F79EFBC}") = "AutoClipperHarness", "AutoClipperHarness.csproj", "{F4352B88-F210-DEBA-5586-EB19180A94EB}"
EndProject
Global
	GlobalSection(SolutionConfigurationPlatforms) = preSolution
		Debug|Any CPU = Debug|Any CPU
		Release|Any CPU = Release|Any CPU
	EndGlobalSection
	GlobalSection(ProjectConfigurationPlatforms) = postSolution
		{F4352B88-F210-DEBA-5586-EB19180A94EB}.Debug|Any CPU.ActiveCfg = Debug|Any CPU
		{F4352B88-F210-DEBA-5586-EB19180A94EB}.Debug|Any CPU.Build.0 = Debug|Any CPU
		{F4352B88-F210-DEBA-5586-EB19180A94EB}.Release|Any CPU.ActiveCfg = Release|Any CPU
		{F4352B88-F210-DEBA-5586-EB19180A94EB}.Release|Any CPU.Build.0 = Release|Any CPU
	EndGlobalSection
	GlobalSection(SolutionProperties) = preSolution
		HideSolutionNode = FALSE
	EndGlobalSection
	GlobalSection(ExtensibilityGlobals) = postSolution
		SolutionGuid = {D27B7147-0BAE-4EEB-87B3-E2C580C9B07C}
	EndGlobalSection
EndGlobal
