
Microsoft Visual Studio Solution File, Format Version 12.00
# Visual Studio Version 16
VisualStudioVersion = 16.0.30114.105
MinimumVisualStudioVersion = 10.0.40219.1
Project("{2150E333-8FDC-42A3-9474-1A3956D46DE8}") = "api", "api", "{F627B24A-217D-4BF1-BC77-E1A92DBCD07F}"
EndProject
Project("{FAE04EC0-301F-11D3-BF4B-00C04F79EFBC}") = "TNO.API", "api\net\TNO.API.csproj", "{16EA028B-B4C8-416D-BE54-D73D75483668}"
EndProject
Project("{2150E333-8FDC-42A3-9474-1A3956D46DE8}") = "libs", "libs", "{071511E3-A596-46A5-8AEB-7B6EB1054A03}"
EndProject
Project("{2150E333-8FDC-42A3-9474-1A3956D46DE8}") = "net", "net", "{890D13F9-A1ED-4B00-8E69-A1AB620F31A9}"
EndProject
Project("{FAE04EC0-301F-11D3-BF4B-00C04F79EFBC}") = "TNO.Ches", "libs\net\ches\TNO.Ches.csproj", "{08A82D74-0854-498F-9C74-E0A7242FE430}"
EndProject
Project("{FAE04EC0-301F-11D3-BF4B-00C04F79EFBC}") = "TNO.Core", "libs\net\core\TNO.Core.csproj", "{E6053B49-F607-497D-8399-33C3F5819014}"
EndProject
Project("{FAE04EC0-301F-11D3-BF4B-00C04F79EFBC}") = "TNO.DAL", "libs\net\dal\TNO.DAL.csproj", "{EEFB807C-BAD4-4A84-BB57-3947025D6E8E}"
EndProject
Project("{FAE04EC0-301F-11D3-BF4B-00C04F79EFBC}") = "TNO.Entities", "libs\net\entities\TNO.Entities.csproj", "{1D28FF0D-D59B-428E-9C69-D7351BEC0F39}"
EndProject
Project("{FAE04EC0-301F-11D3-BF4B-00C04F79EFBC}") = "TNO.Kafka", "libs\net\kafka\TNO.Kafka.csproj", "{F9EC33A8-8DF2-4CEC-AF96-6258DC14008F}"
EndProject
Project("{FAE04EC0-301F-11D3-BF4B-00C04F79EFBC}") = "TNO.Keycloak", "libs\net\keycloak\TNO.Keycloak.csproj", "{181607DF-CDC0-40EF-A7A6-039509EDD5B4}"
EndProject
Project("{FAE04EC0-301F-11D3-BF4B-00C04F79EFBC}") = "TNO.Models", "libs\net\models\TNO.Models.csproj", "{E1330B0E-239B-4C1B-AF18-FA701720928A}"
EndProject
Project("{FAE04EC0-301F-11D3-BF4B-00C04F79EFBC}") = "TNO.Reports", "libs\net\reports\TNO.Reports.csproj", "{AFF26F27-DA52-4EBD-8FB7-4A096F2CA225}"
EndProject
Project("{FAE04EC0-301F-11D3-BF4B-00C04F79EFBC}") = "TNO.Services", "libs\net\services\TNO.Services.csproj", "{F47EDCDA-0F3E-4175-A89F-29BF431F889A}"
EndProject
Project("{2150E333-8FDC-42A3-9474-1A3956D46DE8}") = "tests", "tests", "{642AB618-703F-4850-9ACC-6C752E0DD995}"
EndProject
Project("{FAE04EC0-301F-11D3-BF4B-00C04F79EFBC}") = "TNO.Test.Core", "libs\net\tests\core\TNO.Test.Core.csproj", "{7A38EE38-174A-4A47-9C73-525FCE4F6065}"
EndProject
Project("{FAE04EC0-301F-11D3-BF4B-00C04F79EFBC}") = "TNO.Test.DAL", "libs\net\tests\dal\TNO.Test.DAL.csproj", "{5BD224C2-A18C-4661-8FF0-7064B50E24D2}"
EndProject
Project("{FAE04EC0-301F-11D3-BF4B-00C04F79EFBC}") = "TNO.Test.Entities", "libs\net\tests\entities\TNO.Test.Entities.csproj", "{15BA8CDA-F42B-426B-89D4-78D1C3BDA5EE}"
EndProject
Project("{FAE04EC0-301F-11D3-BF4B-00C04F79EFBC}") = "TNO.Test.Services", "libs\net\tests\services\TNO.Test.Services.csproj", "{B257963D-F3E0-49CE-9AB1-1A0EAEC9C786}"
EndProject
Project("{2150E333-8FDC-42A3-9474-1A3956D46DE8}") = "services", "services", "{6908DC15-3DD2-4354-A1BA-B6EEDC6C7CDD}"
EndProject
Project("{2150E333-8FDC-42A3-9474-1A3956D46DE8}") = "net", "net", "{448D6DE6-6887-48EC-A202-18C7EB428ACD}"
EndProject
Project("{FAE04EC0-301F-11D3-BF4B-00C04F79EFBC}") = "TNO.Services.Content", "services\net\content\TNO.Services.Content.csproj", "{DD097669-5DEE-4189-B443-2D62F2D92A9A}"
EndProject
Project("{FAE04EC0-301F-11D3-BF4B-00C04F79EFBC}") = "TNO.Services.Image", "services\net\image\TNO.Services.Image.csproj", "{CF633B57-2562-4FB8-A819-E43383E03D8B}"
EndProject
Project("{FAE04EC0-301F-11D3-BF4B-00C04F79EFBC}") = "TNO.Services.Indexing", "services\net\indexing\TNO.Services.Indexing.csproj", "{5A38D5FA-2C91-4E80-B156-5FDB0BD237E4}"
EndProject
Project("{FAE04EC0-301F-11D3-BF4B-00C04F79EFBC}") = "TNO.Services.Syndication", "services\net\syndication\TNO.Services.Syndication.csproj", "{A8E3354A-B47A-4B0A-B648-9AB98793FEDF}"
EndProject
Project("{FAE04EC0-301F-11D3-BF4B-00C04F79EFBC}") = "TNO.Services.Transcription", "services\net\transcription\TNO.Services.Transcription.csproj", "{1A1017A0-DCA4-45E6-B8CE-6FDF3913E7EE}"
EndProject
Project("{FAE04EC0-301F-11D3-BF4B-00C04F79EFBC}") = "TNO.Services.FileMonitor", "services\net\filemonitor\TNO.Services.FileMonitor.csproj", "{992AF305-F9BA-43E5-B18F-EA7D056ABFA9}"
EndProject
Project("{FAE04EC0-301F-11D3-BF4B-00C04F79EFBC}") = "TNO.CSS", "libs\net\css\TNO.CSS.csproj", "{F43EB04E-E6A1-4634-AFC7-01A135C76D70}"
EndProject
Project("{2150E333-8FDC-42A3-9474-1A3956D46DE8}") = "tools", "tools", "{F89CB73D-A717-4F21-99F9-3B10028C6118}"
EndProject
Project("{2150E333-8FDC-42A3-9474-1A3956D46DE8}") = "elastic", "elastic", "{5499906E-6829-4E86-B71F-5659E3914794}"
EndProject
Project("{FAE04EC0-301F-11D3-BF4B-00C04F79EFBC}") = "TNO.Elastic.Migration", "tools\elastic\migration\TNO.Elastic.Migration.csproj", "{43E625D7-6F98-4A9A-A9ED-F9E80A6ED063}"
EndProject
Project("{FAE04EC0-301F-11D3-BF4B-00C04F79EFBC}") = "TNO.Services.Notification", "services\net\notification\TNO.Services.Notification.csproj", "{2FF61A7A-3FA0-49A0-B19B-27CF28147516}"
EndProject
Project("{FAE04EC0-301F-11D3-BF4B-00C04F79EFBC}") = "TNO.Services.Reporting", "services\net\reporting\TNO.Services.Reporting.csproj", "{65185F9A-73C0-4C59-8DC4-892616963E43}"
EndProject
Project("{FAE04EC0-301F-11D3-BF4B-00C04F79EFBC}") = "TNO.TemplateEngine", "libs\net\template\TNO.TemplateEngine.csproj", "{CE993EF7-A38F-4563-837B-1194375D459B}"
EndProject
Project("{FAE04EC0-301F-11D3-BF4B-00C04F79EFBC}") = "TNO.Services.Scheduler", "services\net\scheduler\TNO.Services.Scheduler.csproj", "{A2DD9547-A4AA-4E07-9239-77D689F49C47}"
EndProject
Project("{FAE04EC0-301F-11D3-BF4B-00C04F79EFBC}") = "TNO.Services.FolderCollection", "services\net\folder-collection\TNO.Services.FolderCollection.csproj", "{B559B641-F1F0-41D6-9938-A23EC06542A2}"
EndProject
Project("{FAE04EC0-301F-11D3-BF4B-00C04F79EFBC}") = "TNO.Services.ExtractQuotes", "services\net\extract-quotes\TNO.Services.ExtractQuotes.csproj", "{9BC92B16-7AF9-4B45-BA18-C6A98E2AD87E}"
EndProject
Project("{FAE04EC0-301F-11D3-BF4B-00C04F79EFBC}") = "TNO.Services.FileUpload", "services\net\fileupload\TNO.Services.FileUpload.csproj", "{E7444ADF-0137-439B-8E20-917CF2FAFA45}"
EndProject
Project("{FAE04EC0-301F-11D3-BF4B-00C04F79EFBC}") = "TNO.Services.FFmpeg", "services\net\ffmpeg\TNO.Services.FFmpeg.csproj", "{2D455400-0E86-476E-8C42-532D32C10107}"
EndProject
Project("{FAE04EC0-301F-11D3-BF4B-00C04F79EFBC}") = "TNO.Services.EventHandler", "services\net\event-handler\TNO.Services.EventHandler.csproj", "{6F1F9B85-B155-4A5A-BB36-10F734F96A12}"
EndProject
Project("{FAE04EC0-301F-11D3-BF4B-00C04F79EFBC}") = "TNO.Services.ChesRetry", "services\net\ches-retry\TNO.Services.ChesRetry.csproj", "{067EA7C3-A816-406B-B36A-09FC05A427A1}"
EndProject
Project("{FAE04EC0-301F-11D3-BF4B-00C04F79EFBC}") = "TNO.Services.AutoClipper", "services\net\auto-clipper\TNO.Services.AutoClipper.csproj", "{7B8BF924-36BA-422E-85FD-1C590B092F7B}"
EndProject
Global
	GlobalSection(SolutionConfigurationPlatforms) = preSolution
		Debug|Any CPU = Debug|Any CPU
		Release|Any CPU = Release|Any CPU
	EndGlobalSection
	GlobalSection(SolutionProperties) = preSolution
		HideSolutionNode = FALSE
	EndGlobalSection
	GlobalSection(ProjectConfigurationPlatforms) = postSolution
		{16EA028B-B4C8-416D-BE54-D73D75483668}.Debug|Any CPU.ActiveCfg = Debug|Any CPU
		{16EA028B-B4C8-416D-BE54-D73D75483668}.Debug|Any CPU.Build.0 = Debug|Any CPU
		{16EA028B-B4C8-416D-BE54-D73D75483668}.Release|Any CPU.ActiveCfg = Release|Any CPU
		{16EA028B-B4C8-416D-BE54-D73D75483668}.Release|Any CPU.Build.0 = Release|Any CPU
		{08A82D74-0854-498F-9C74-E0A7242FE430}.Debug|Any CPU.ActiveCfg = Debug|Any CPU
		{08A82D74-0854-498F-9C74-E0A7242FE430}.Debug|Any CPU.Build.0 = Debug|Any CPU
		{08A82D74-0854-498F-9C74-E0A7242FE430}.Release|Any CPU.ActiveCfg = Release|Any CPU
		{08A82D74-0854-498F-9C74-E0A7242FE430}.Release|Any CPU.Build.0 = Release|Any CPU
		{E6053B49-F607-497D-8399-33C3F5819014}.Debug|Any CPU.ActiveCfg = Debug|Any CPU
		{E6053B49-F607-497D-8399-33C3F5819014}.Debug|Any CPU.Build.0 = Debug|Any CPU
		{E6053B49-F607-497D-8399-33C3F5819014}.Release|Any CPU.ActiveCfg = Release|Any CPU
		{E6053B49-F607-497D-8399-33C3F5819014}.Release|Any CPU.Build.0 = Release|Any CPU
		{EEFB807C-BAD4-4A84-BB57-3947025D6E8E}.Debug|Any CPU.ActiveCfg = Debug|Any CPU
		{EEFB807C-BAD4-4A84-BB57-3947025D6E8E}.Debug|Any CPU.Build.0 = Debug|Any CPU
		{EEFB807C-BAD4-4A84-BB57-3947025D6E8E}.Release|Any CPU.ActiveCfg = Release|Any CPU
		{EEFB807C-BAD4-4A84-BB57-3947025D6E8E}.Release|Any CPU.Build.0 = Release|Any CPU
		{1D28FF0D-D59B-428E-9C69-D7351BEC0F39}.Debug|Any CPU.ActiveCfg = Debug|Any CPU
		{1D28FF0D-D59B-428E-9C69-D7351BEC0F39}.Debug|Any CPU.Build.0 = Debug|Any CPU
		{1D28FF0D-D59B-428E-9C69-D7351BEC0F39}.Release|Any CPU.ActiveCfg = Release|Any CPU
		{1D28FF0D-D59B-428E-9C69-D7351BEC0F39}.Release|Any CPU.Build.0 = Release|Any CPU
		{F9EC33A8-8DF2-4CEC-AF96-6258DC14008F}.Debug|Any CPU.ActiveCfg = Debug|Any CPU
		{F9EC33A8-8DF2-4CEC-AF96-6258DC14008F}.Debug|Any CPU.Build.0 = Debug|Any CPU
		{F9EC33A8-8DF2-4CEC-AF96-6258DC14008F}.Release|Any CPU.ActiveCfg = Release|Any CPU
		{F9EC33A8-8DF2-4CEC-AF96-6258DC14008F}.Release|Any CPU.Build.0 = Release|Any CPU
		{181607DF-CDC0-40EF-A7A6-039509EDD5B4}.Debug|Any CPU.ActiveCfg = Debug|Any CPU
		{181607DF-CDC0-40EF-A7A6-039509EDD5B4}.Debug|Any CPU.Build.0 = Debug|Any CPU
		{181607DF-CDC0-40EF-A7A6-039509EDD5B4}.Release|Any CPU.ActiveCfg = Release|Any CPU
		{181607DF-CDC0-40EF-A7A6-039509EDD5B4}.Release|Any CPU.Build.0 = Release|Any CPU
		{E1330B0E-239B-4C1B-AF18-FA701720928A}.Debug|Any CPU.ActiveCfg = Debug|Any CPU
		{E1330B0E-239B-4C1B-AF18-FA701720928A}.Debug|Any CPU.Build.0 = Debug|Any CPU
		{E1330B0E-239B-4C1B-AF18-FA701720928A}.Release|Any CPU.ActiveCfg = Release|Any CPU
		{E1330B0E-239B-4C1B-AF18-FA701720928A}.Release|Any CPU.Build.0 = Release|Any CPU
		{AFF26F27-DA52-4EBD-8FB7-4A096F2CA225}.Debug|Any CPU.ActiveCfg = Debug|Any CPU
		{AFF26F27-DA52-4EBD-8FB7-4A096F2CA225}.Debug|Any CPU.Build.0 = Debug|Any CPU
		{AFF26F27-DA52-4EBD-8FB7-4A096F2CA225}.Release|Any CPU.ActiveCfg = Release|Any CPU
		{AFF26F27-DA52-4EBD-8FB7-4A096F2CA225}.Release|Any CPU.Build.0 = Release|Any CPU
		{F47EDCDA-0F3E-4175-A89F-29BF431F889A}.Debug|Any CPU.ActiveCfg = Debug|Any CPU
		{F47EDCDA-0F3E-4175-A89F-29BF431F889A}.Debug|Any CPU.Build.0 = Debug|Any CPU
		{F47EDCDA-0F3E-4175-A89F-29BF431F889A}.Release|Any CPU.ActiveCfg = Release|Any CPU
		{F47EDCDA-0F3E-4175-A89F-29BF431F889A}.Release|Any CPU.Build.0 = Release|Any CPU
		{7A38EE38-174A-4A47-9C73-525FCE4F6065}.Debug|Any CPU.ActiveCfg = Debug|Any CPU
		{7A38EE38-174A-4A47-9C73-525FCE4F6065}.Debug|Any CPU.Build.0 = Debug|Any CPU
		{7A38EE38-174A-4A47-9C73-525FCE4F6065}.Release|Any CPU.ActiveCfg = Release|Any CPU
		{7A38EE38-174A-4A47-9C73-525FCE4F6065}.Release|Any CPU.Build.0 = Release|Any CPU
		{5BD224C2-A18C-4661-8FF0-7064B50E24D2}.Debug|Any CPU.ActiveCfg = Debug|Any CPU
		{5BD224C2-A18C-4661-8FF0-7064B50E24D2}.Debug|Any CPU.Build.0 = Debug|Any CPU
		{5BD224C2-A18C-4661-8FF0-7064B50E24D2}.Release|Any CPU.ActiveCfg = Release|Any CPU
		{5BD224C2-A18C-4661-8FF0-7064B50E24D2}.Release|Any CPU.Build.0 = Release|Any CPU
		{15BA8CDA-F42B-426B-89D4-78D1C3BDA5EE}.Debug|Any CPU.ActiveCfg = Debug|Any CPU
		{15BA8CDA-F42B-426B-89D4-78D1C3BDA5EE}.Debug|Any CPU.Build.0 = Debug|Any CPU
		{15BA8CDA-F42B-426B-89D4-78D1C3BDA5EE}.Release|Any CPU.ActiveCfg = Release|Any CPU
		{15BA8CDA-F42B-426B-89D4-78D1C3BDA5EE}.Release|Any CPU.Build.0 = Release|Any CPU
		{B257963D-F3E0-49CE-9AB1-1A0EAEC9C786}.Debug|Any CPU.ActiveCfg = Debug|Any CPU
		{B257963D-F3E0-49CE-9AB1-1A0EAEC9C786}.Debug|Any CPU.Build.0 = Debug|Any CPU
		{B257963D-F3E0-49CE-9AB1-1A0EAEC9C786}.Release|Any CPU.ActiveCfg = Release|Any CPU
		{B257963D-F3E0-49CE-9AB1-1A0EAEC9C786}.Release|Any CPU.Build.0 = Release|Any CPU
		{DD097669-5DEE-4189-B443-2D62F2D92A9A}.Debug|Any CPU.ActiveCfg = Debug|Any CPU
		{DD097669-5DEE-4189-B443-2D62F2D92A9A}.Debug|Any CPU.Build.0 = Debug|Any CPU
		{DD097669-5DEE-4189-B443-2D62F2D92A9A}.Release|Any CPU.ActiveCfg = Release|Any CPU
		{DD097669-5DEE-4189-B443-2D62F2D92A9A}.Release|Any CPU.Build.0 = Release|Any CPU
		{CF633B57-2562-4FB8-A819-E43383E03D8B}.Debug|Any CPU.ActiveCfg = Debug|Any CPU
		{CF633B57-2562-4FB8-A819-E43383E03D8B}.Debug|Any CPU.Build.0 = Debug|Any CPU
		{CF633B57-2562-4FB8-A819-E43383E03D8B}.Release|Any CPU.ActiveCfg = Release|Any CPU
		{CF633B57-2562-4FB8-A819-E43383E03D8B}.Release|Any CPU.Build.0 = Release|Any CPU
		{5A38D5FA-2C91-4E80-B156-5FDB0BD237E4}.Debug|Any CPU.ActiveCfg = Debug|Any CPU
		{5A38D5FA-2C91-4E80-B156-5FDB0BD237E4}.Debug|Any CPU.Build.0 = Debug|Any CPU
		{5A38D5FA-2C91-4E80-B156-5FDB0BD237E4}.Release|Any CPU.ActiveCfg = Release|Any CPU
		{5A38D5FA-2C91-4E80-B156-5FDB0BD237E4}.Release|Any CPU.Build.0 = Release|Any CPU
		{A8E3354A-B47A-4B0A-B648-9AB98793FEDF}.Debug|Any CPU.ActiveCfg = Debug|Any CPU
		{A8E3354A-B47A-4B0A-B648-9AB98793FEDF}.Debug|Any CPU.Build.0 = Debug|Any CPU
		{A8E3354A-B47A-4B0A-B648-9AB98793FEDF}.Release|Any CPU.ActiveCfg = Release|Any CPU
		{A8E3354A-B47A-4B0A-B648-9AB98793FEDF}.Release|Any CPU.Build.0 = Release|Any CPU
		{1A1017A0-DCA4-45E6-B8CE-6FDF3913E7EE}.Debug|Any CPU.ActiveCfg = Debug|Any CPU
		{1A1017A0-DCA4-45E6-B8CE-6FDF3913E7EE}.Debug|Any CPU.Build.0 = Debug|Any CPU
		{1A1017A0-DCA4-45E6-B8CE-6FDF3913E7EE}.Release|Any CPU.ActiveCfg = Release|Any CPU
		{1A1017A0-DCA4-45E6-B8CE-6FDF3913E7EE}.Release|Any CPU.Build.0 = Release|Any CPU
		{992AF305-F9BA-43E5-B18F-EA7D056ABFA9}.Debug|Any CPU.ActiveCfg = Debug|Any CPU
		{992AF305-F9BA-43E5-B18F-EA7D056ABFA9}.Debug|Any CPU.Build.0 = Debug|Any CPU
		{992AF305-F9BA-43E5-B18F-EA7D056ABFA9}.Release|Any CPU.ActiveCfg = Release|Any CPU
		{992AF305-F9BA-43E5-B18F-EA7D056ABFA9}.Release|Any CPU.Build.0 = Release|Any CPU
		{F43EB04E-E6A1-4634-AFC7-01A135C76D70}.Debug|Any CPU.ActiveCfg = Debug|Any CPU
		{F43EB04E-E6A1-4634-AFC7-01A135C76D70}.Debug|Any CPU.Build.0 = Debug|Any CPU
		{F43EB04E-E6A1-4634-AFC7-01A135C76D70}.Release|Any CPU.ActiveCfg = Release|Any CPU
		{F43EB04E-E6A1-4634-AFC7-01A135C76D70}.Release|Any CPU.Build.0 = Release|Any CPU
		{43E625D7-6F98-4A9A-A9ED-F9E80A6ED063}.Debug|Any CPU.ActiveCfg = Debug|Any CPU
		{43E625D7-6F98-4A9A-A9ED-F9E80A6ED063}.Debug|Any CPU.Build.0 = Debug|Any CPU
		{43E625D7-6F98-4A9A-A9ED-F9E80A6ED063}.Release|Any CPU.ActiveCfg = Release|Any CPU
		{43E625D7-6F98-4A9A-A9ED-F9E80A6ED063}.Release|Any CPU.Build.0 = Release|Any CPU
		{2FF61A7A-3FA0-49A0-B19B-27CF28147516}.Debug|Any CPU.ActiveCfg = Debug|Any CPU
		{2FF61A7A-3FA0-49A0-B19B-27CF28147516}.Debug|Any CPU.Build.0 = Debug|Any CPU
		{2FF61A7A-3FA0-49A0-B19B-27CF28147516}.Release|Any CPU.ActiveCfg = Release|Any CPU
		{2FF61A7A-3FA0-49A0-B19B-27CF28147516}.Release|Any CPU.Build.0 = Release|Any CPU
		{65185F9A-73C0-4C59-8DC4-892616963E43}.Debug|Any CPU.ActiveCfg = Debug|Any CPU
		{65185F9A-73C0-4C59-8DC4-892616963E43}.Debug|Any CPU.Build.0 = Debug|Any CPU
		{65185F9A-73C0-4C59-8DC4-892616963E43}.Release|Any CPU.ActiveCfg = Release|Any CPU
		{65185F9A-73C0-4C59-8DC4-892616963E43}.Release|Any CPU.Build.0 = Release|Any CPU
		{CE993EF7-A38F-4563-837B-1194375D459B}.Debug|Any CPU.ActiveCfg = Debug|Any CPU
		{CE993EF7-A38F-4563-837B-1194375D459B}.Debug|Any CPU.Build.0 = Debug|Any CPU
		{CE993EF7-A38F-4563-837B-1194375D459B}.Release|Any CPU.ActiveCfg = Release|Any CPU
		{CE993EF7-A38F-4563-837B-1194375D459B}.Release|Any CPU.Build.0 = Release|Any CPU
		{A2DD9547-A4AA-4E07-9239-77D689F49C47}.Debug|Any CPU.ActiveCfg = Debug|Any CPU
		{A2DD9547-A4AA-4E07-9239-77D689F49C47}.Debug|Any CPU.Build.0 = Debug|Any CPU
		{A2DD9547-A4AA-4E07-9239-77D689F49C47}.Release|Any CPU.ActiveCfg = Release|Any CPU
		{A2DD9547-A4AA-4E07-9239-77D689F49C47}.Release|Any CPU.Build.0 = Release|Any CPU
		{B559B641-F1F0-41D6-9938-A23EC06542A2}.Debug|Any CPU.ActiveCfg = Debug|Any CPU
		{B559B641-F1F0-41D6-9938-A23EC06542A2}.Debug|Any CPU.Build.0 = Debug|Any CPU
		{B559B641-F1F0-41D6-9938-A23EC06542A2}.Release|Any CPU.ActiveCfg = Release|Any CPU
		{B559B641-F1F0-41D6-9938-A23EC06542A2}.Release|Any CPU.Build.0 = Release|Any CPU
		{9BC92B16-7AF9-4B45-BA18-C6A98E2AD87E}.Debug|Any CPU.ActiveCfg = Debug|Any CPU
		{9BC92B16-7AF9-4B45-BA18-C6A98E2AD87E}.Debug|Any CPU.Build.0 = Debug|Any CPU
		{9BC92B16-7AF9-4B45-BA18-C6A98E2AD87E}.Release|Any CPU.ActiveCfg = Release|Any CPU
		{9BC92B16-7AF9-4B45-BA18-C6A98E2AD87E}.Release|Any CPU.Build.0 = Release|Any CPU
		{E7444ADF-0137-439B-8E20-917CF2FAFA45}.Debug|Any CPU.ActiveCfg = Debug|Any CPU
		{E7444ADF-0137-439B-8E20-917CF2FAFA45}.Debug|Any CPU.Build.0 = Debug|Any CPU
		{E7444ADF-0137-439B-8E20-917CF2FAFA45}.Release|Any CPU.ActiveCfg = Release|Any CPU
		{E7444ADF-0137-439B-8E20-917CF2FAFA45}.Release|Any CPU.Build.0 = Release|Any CPU
		{2D455400-0E86-476E-8C42-532D32C10107}.Debug|Any CPU.ActiveCfg = Debug|Any CPU
		{2D455400-0E86-476E-8C42-532D32C10107}.Debug|Any CPU.Build.0 = Debug|Any CPU
		{2D455400-0E86-476E-8C42-532D32C10107}.Release|Any CPU.ActiveCfg = Release|Any CPU
		{2D455400-0E86-476E-8C42-532D32C10107}.Release|Any CPU.Build.0 = Release|Any CPU
		{6F1F9B85-B155-4A5A-BB36-10F734F96A12}.Debug|Any CPU.ActiveCfg = Debug|Any CPU
		{6F1F9B85-B155-4A5A-BB36-10F734F96A12}.Debug|Any CPU.Build.0 = Debug|Any CPU
		{6F1F9B85-B155-4A5A-BB36-10F734F96A12}.Release|Any CPU.ActiveCfg = Release|Any CPU
		{6F1F9B85-B155-4A5A-BB36-10F734F96A12}.Release|Any CPU.Build.0 = Release|Any CPU
		{067EA7C3-A816-406B-B36A-09FC05A427A1}.Debug|Any CPU.ActiveCfg = Debug|Any CPU
		{067EA7C3-A816-406B-B36A-09FC05A427A1}.Debug|Any CPU.Build.0 = Debug|Any CPU
		{067EA7C3-A816-406B-B36A-09FC05A427A1}.Release|Any CPU.ActiveCfg = Release|Any CPU
		{067EA7C3-A816-406B-B36A-09FC05A427A1}.Release|Any CPU.Build.0 = Release|Any CPU
		{7B8BF924-36BA-422E-85FD-1C590B092F7B}.Debug|Any CPU.ActiveCfg = Debug|Any CPU
		{7B8BF924-36BA-422E-85FD-1C590B092F7B}.Debug|Any CPU.Build.0 = Debug|Any CPU
		{7B8BF924-36BA-422E-85FD-1C590B092F7B}.Release|Any CPU.ActiveCfg = Release|Any CPU
		{7B8BF924-36BA-422E-85FD-1C590B092F7B}.Release|Any CPU.Build.0 = Release|Any CPU
	EndGlobalSection
	GlobalSection(NestedProjects) = preSolution
		{16EA028B-B4C8-416D-BE54-D73D75483668} = {F627B24A-217D-4BF1-BC77-E1A92DBCD07F}
		{890D13F9-A1ED-4B00-8E69-A1AB620F31A9} = {071511E3-A596-46A5-8AEB-7B6EB1054A03}
		{08A82D74-0854-498F-9C74-E0A7242FE430} = {890D13F9-A1ED-4B00-8E69-A1AB620F31A9}
		{E6053B49-F607-497D-8399-33C3F5819014} = {890D13F9-A1ED-4B00-8E69-A1AB620F31A9}
		{EEFB807C-BAD4-4A84-BB57-3947025D6E8E} = {890D13F9-A1ED-4B00-8E69-A1AB620F31A9}
		{1D28FF0D-D59B-428E-9C69-D7351BEC0F39} = {890D13F9-A1ED-4B00-8E69-A1AB620F31A9}
		{F9EC33A8-8DF2-4CEC-AF96-6258DC14008F} = {890D13F9-A1ED-4B00-8E69-A1AB620F31A9}
		{181607DF-CDC0-40EF-A7A6-039509EDD5B4} = {890D13F9-A1ED-4B00-8E69-A1AB620F31A9}
		{E1330B0E-239B-4C1B-AF18-FA701720928A} = {890D13F9-A1ED-4B00-8E69-A1AB620F31A9}
		{AFF26F27-DA52-4EBD-8FB7-4A096F2CA225} = {890D13F9-A1ED-4B00-8E69-A1AB620F31A9}
		{F47EDCDA-0F3E-4175-A89F-29BF431F889A} = {890D13F9-A1ED-4B00-8E69-A1AB620F31A9}
		{642AB618-703F-4850-9ACC-6C752E0DD995} = {890D13F9-A1ED-4B00-8E69-A1AB620F31A9}
		{7A38EE38-174A-4A47-9C73-525FCE4F6065} = {642AB618-703F-4850-9ACC-6C752E0DD995}
		{5BD224C2-A18C-4661-8FF0-7064B50E24D2} = {642AB618-703F-4850-9ACC-6C752E0DD995}
		{15BA8CDA-F42B-426B-89D4-78D1C3BDA5EE} = {642AB618-703F-4850-9ACC-6C752E0DD995}
		{B257963D-F3E0-49CE-9AB1-1A0EAEC9C786} = {642AB618-703F-4850-9ACC-6C752E0DD995}
		{448D6DE6-6887-48EC-A202-18C7EB428ACD} = {6908DC15-3DD2-4354-A1BA-B6EEDC6C7CDD}
		{DD097669-5DEE-4189-B443-2D62F2D92A9A} = {448D6DE6-6887-48EC-A202-18C7EB428ACD}
		{CF633B57-2562-4FB8-A819-E43383E03D8B} = {448D6DE6-6887-48EC-A202-18C7EB428ACD}
		{5A38D5FA-2C91-4E80-B156-5FDB0BD237E4} = {448D6DE6-6887-48EC-A202-18C7EB428ACD}
		{A8E3354A-B47A-4B0A-B648-9AB98793FEDF} = {448D6DE6-6887-48EC-A202-18C7EB428ACD}
		{1A1017A0-DCA4-45E6-B8CE-6FDF3913E7EE} = {448D6DE6-6887-48EC-A202-18C7EB428ACD}
		{992AF305-F9BA-43E5-B18F-EA7D056ABFA9} = {448D6DE6-6887-48EC-A202-18C7EB428ACD}
		{F43EB04E-E6A1-4634-AFC7-01A135C76D70} = {890D13F9-A1ED-4B00-8E69-A1AB620F31A9}
		{5499906E-6829-4E86-B71F-5659E3914794} = {F89CB73D-A717-4F21-99F9-3B10028C6118}
		{43E625D7-6F98-4A9A-A9ED-F9E80A6ED063} = {5499906E-6829-4E86-B71F-5659E3914794}
		{2FF61A7A-3FA0-49A0-B19B-27CF28147516} = {448D6DE6-6887-48EC-A202-18C7EB428ACD}
		{65185F9A-73C0-4C59-8DC4-892616963E43} = {448D6DE6-6887-48EC-A202-18C7EB428ACD}
		{CE993EF7-A38F-4563-837B-1194375D459B} = {890D13F9-A1ED-4B00-8E69-A1AB620F31A9}
		{A2DD9547-A4AA-4E07-9239-77D689F49C47} = {448D6DE6-6887-48EC-A202-18C7EB428ACD}
		{B559B641-F1F0-41D6-9938-A23EC06542A2} = {448D6DE6-6887-48EC-A202-18C7EB428ACD}
		{9BC92B16-7AF9-4B45-BA18-C6A98E2AD87E} = {448D6DE6-6887-48EC-A202-18C7EB428ACD}
		{E7444ADF-0137-439B-8E20-917CF2FAFA45} = {448D6DE6-6887-48EC-A202-18C7EB428ACD}
		{2D455400-0E86-476E-8C42-532D32C10107} = {448D6DE6-6887-48EC-A202-18C7EB428ACD}
		{6F1F9B85-B155-4A5A-BB36-10F734F96A12} = {448D6DE6-6887-48EC-A202-18C7EB428ACD}
		{067EA7C3-A816-406B-B36A-09FC05A427A1} = {448D6DE6-6887-48EC-A202-18C7EB428ACD}
		{7B8BF924-36BA-422E-85FD-1C590B092F7B} = {448D6DE6-6887-48EC-A202-18C7EB428ACD}
	EndGlobalSection
EndGlobal
