
Microsoft Visual Studio Solution File, Format Version 12.00
# Visual Studio Version 17
VisualStudioVersion = 17.6.33712.159
MinimumVisualStudioVersion = 10.0.40219.1
Project("{9A19103F-16F7-4668-BE54-9A1E7A4F7556}") = "TNO.Services.Syndication", "syndication\TNO.Services.Syndication.csproj", "{F3D767A1-7B69-415D-ADAF-29EF5814C4EA}"
EndProject
Project("{9A19103F-16F7-4668-BE54-9A1E7A4F7556}") = "TNO.Services.NLP", "nlp\TNO.Services.NLP.csproj", "{9F920C1C-1D67-4D34-A60E-5608D4989762}"
EndProject
Project("{9A19103F-16F7-4668-BE54-9A1E7A4F7556}") = "TNO.Services.Content", "content\TNO.Services.Content.csproj", "{F57E61B8-C192-4FF9-B211-77FEAB8890B0}"
EndProject
Project("{9A19103F-16F7-4668-BE54-9A1E7A4F7556}") = "TNO.Services.Image", "image\TNO.Services.Image.csproj", "{9F4D1CCE-68FC-4E8B-8548-4372488117C8}"
EndProject
Project("{9A19103F-16F7-4668-BE54-9A1E7A4F7556}") = "TNO.Services.Indexing", "indexing\TNO.Services.Indexing.csproj", "{8F84A744-F6DC-489C-8053-9F47AFF0910E}"
EndProject
Project("{9A19103F-16F7-4668-BE54-9A1E7A4F7556}") = "TNO.Services.Transcription", "transcription\TNO.Services.Transcription.csproj", "{5D2287DD-75F6-4FBD-A8CE-F169C360D1B6}"
EndProject
Project("{9A19103F-16F7-4668-BE54-9A1E7A4F7556}") = "TNO.Services.FileMonitor", "filemonitor\TNO.Services.FileMonitor.csproj", "{AEFBDFA4-A08B-45A0-8E5A-630D64BD56E1}"
EndProject
Project("{9A19103F-16F7-4668-BE54-9A1E7A4F7556}") = "TNO.Services.Notification", "notification\TNO.Services.Notification.csproj", "{01F3864D-6AB7-49DC-A512-EF2944E1B3DE}"
EndProject
Project("{9A19103F-16F7-4668-BE54-9A1E7A4F7556}") = "TNO.Services.Reporting", "reporting\TNO.Services.Reporting.csproj", "{148C9B22-5EB0-416C-9A1F-9A19E9821F9D}"
EndProject
Project("{9A19103F-16F7-4668-BE54-9A1E7A4F7556}") = "TNO.Services.ContentMigration", "contentmigration\TNO.Services.ContentMigration.csproj", "{2A181581-3371-45DC-8001-1B1C5366BD23}"
EndProject
Project("{FAE04EC0-301F-11D3-BF4B-00C04F79EFBC}") = "TNO.Services.Scheduler", "scheduler\TNO.Services.Scheduler.csproj", "{85E29A89-AC73-4EE0-BB01-BF0908959B76}"
EndProject
Project("{FAE04EC0-301F-11D3-BF4B-00C04F79EFBC}") = "TNO.Services.FolderCollection", "folder-collection\TNO.Services.FolderCollection.csproj", "{D81A1C54-E2B3-4C35-B5B1-75D9D3D4E7EB}"
EndProject
Project("{FAE04EC0-301F-11D3-BF4B-00C04F79EFBC}") = "TNO.Services.ChesRetry", "ches-retry\TNO.Services.ChesRetry.csproj", "{E99C7AE8-6388-412C-9C35-F7148E2B5DFE}"
EndProject
Global
	GlobalSection(SolutionConfigurationPlatforms) = preSolution
		Debug|Any CPU = Debug|Any CPU
		Release|Any CPU = Release|Any CPU
	EndGlobalSection
	GlobalSection(ProjectConfigurationPlatforms) = postSolution
		{F3D767A1-7B69-415D-ADAF-29EF5814C4EA}.Debug|Any CPU.ActiveCfg = Debug|Any CPU
		{F3D767A1-7B69-415D-ADAF-29EF5814C4EA}.Debug|Any CPU.Build.0 = Debug|Any CPU
		{F3D767A1-7B69-415D-ADAF-29EF5814C4EA}.Release|Any CPU.ActiveCfg = Release|Any CPU
		{F3D767A1-7B69-415D-ADAF-29EF5814C4EA}.Release|Any CPU.Build.0 = Release|Any CPU
		{9F920C1C-1D67-4D34-A60E-5608D4989762}.Debug|Any CPU.ActiveCfg = Debug|Any CPU
		{9F920C1C-1D67-4D34-A60E-5608D4989762}.Debug|Any CPU.Build.0 = Debug|Any CPU
		{9F920C1C-1D67-4D34-A60E-5608D4989762}.Release|Any CPU.ActiveCfg = Release|Any CPU
		{9F920C1C-1D67-4D34-A60E-5608D4989762}.Release|Any CPU.Build.0 = Release|Any CPU
		{F57E61B8-C192-4FF9-B211-77FEAB8890B0}.Debug|Any CPU.ActiveCfg = Debug|Any CPU
		{F57E61B8-C192-4FF9-B211-77FEAB8890B0}.Debug|Any CPU.Build.0 = Debug|Any CPU
		{F57E61B8-C192-4FF9-B211-77FEAB8890B0}.Release|Any CPU.ActiveCfg = Release|Any CPU
		{F57E61B8-C192-4FF9-B211-77FEAB8890B0}.Release|Any CPU.Build.0 = Release|Any CPU
		{9F4D1CCE-68FC-4E8B-8548-4372488117C8}.Debug|Any CPU.ActiveCfg = Debug|Any CPU
		{9F4D1CCE-68FC-4E8B-8548-4372488117C8}.Debug|Any CPU.Build.0 = Debug|Any CPU
		{9F4D1CCE-68FC-4E8B-8548-4372488117C8}.Release|Any CPU.ActiveCfg = Release|Any CPU
		{9F4D1CCE-68FC-4E8B-8548-4372488117C8}.Release|Any CPU.Build.0 = Release|Any CPU
		{8F84A744-F6DC-489C-8053-9F47AFF0910E}.Debug|Any CPU.ActiveCfg = Debug|Any CPU
		{8F84A744-F6DC-489C-8053-9F47AFF0910E}.Debug|Any CPU.Build.0 = Debug|Any CPU
		{8F84A744-F6DC-489C-8053-9F47AFF0910E}.Release|Any CPU.ActiveCfg = Release|Any CPU
		{8F84A744-F6DC-489C-8053-9F47AFF0910E}.Release|Any CPU.Build.0 = Release|Any CPU
		{5D2287DD-75F6-4FBD-A8CE-F169C360D1B6}.Debug|Any CPU.ActiveCfg = Debug|Any CPU
		{5D2287DD-75F6-4FBD-A8CE-F169C360D1B6}.Debug|Any CPU.Build.0 = Debug|Any CPU
		{5D2287DD-75F6-4FBD-A8CE-F169C360D1B6}.Release|Any CPU.ActiveCfg = Release|Any CPU
		{5D2287DD-75F6-4FBD-A8CE-F169C360D1B6}.Release|Any CPU.Build.0 = Release|Any CPU
		{AEFBDFA4-A08B-45A0-8E5A-630D64BD56E1}.Debug|Any CPU.ActiveCfg = Debug|Any CPU
		{AEFBDFA4-A08B-45A0-8E5A-630D64BD56E1}.Debug|Any CPU.Build.0 = Debug|Any CPU
		{AEFBDFA4-A08B-45A0-8E5A-630D64BD56E1}.Release|Any CPU.ActiveCfg = Release|Any CPU
		{AEFBDFA4-A08B-45A0-8E5A-630D64BD56E1}.Release|Any CPU.Build.0 = Release|Any CPU
		{01F3864D-6AB7-49DC-A512-EF2944E1B3DE}.Debug|Any CPU.ActiveCfg = Debug|Any CPU
		{01F3864D-6AB7-49DC-A512-EF2944E1B3DE}.Debug|Any CPU.Build.0 = Debug|Any CPU
		{01F3864D-6AB7-49DC-A512-EF2944E1B3DE}.Release|Any CPU.ActiveCfg = Release|Any CPU
		{01F3864D-6AB7-49DC-A512-EF2944E1B3DE}.Release|Any CPU.Build.0 = Release|Any CPU
		{148C9B22-5EB0-416C-9A1F-9A19E9821F9D}.Debug|Any CPU.ActiveCfg = Debug|Any CPU
		{148C9B22-5EB0-416C-9A1F-9A19E9821F9D}.Debug|Any CPU.Build.0 = Debug|Any CPU
		{148C9B22-5EB0-416C-9A1F-9A19E9821F9D}.Release|Any CPU.ActiveCfg = Release|Any CPU
		{148C9B22-5EB0-416C-9A1F-9A19E9821F9D}.Release|Any CPU.Build.0 = Release|Any CPU
		{2A181581-3371-45DC-8001-1B1C5366BD23}.Debug|Any CPU.ActiveCfg = Debug|Any CPU
		{2A181581-3371-45DC-8001-1B1C5366BD23}.Debug|Any CPU.Build.0 = Debug|Any CPU
		{2A181581-3371-45DC-8001-1B1C5366BD23}.Release|Any CPU.ActiveCfg = Release|Any CPU
		{2A181581-3371-45DC-8001-1B1C5366BD23}.Release|Any CPU.Build.0 = Release|Any CPU
		{85E29A89-AC73-4EE0-BB01-BF0908959B76}.Debug|Any CPU.ActiveCfg = Debug|Any CPU
		{85E29A89-AC73-4EE0-BB01-BF0908959B76}.Debug|Any CPU.Build.0 = Debug|Any CPU
		{85E29A89-AC73-4EE0-BB01-BF0908959B76}.Release|Any CPU.ActiveCfg = Release|Any CPU
		{85E29A89-AC73-4EE0-BB01-BF0908959B76}.Release|Any CPU.Build.0 = Release|Any CPU
		{D81A1C54-E2B3-4C35-B5B1-75D9D3D4E7EB}.Debug|Any CPU.ActiveCfg = Debug|Any CPU
		{D81A1C54-E2B3-4C35-B5B1-75D9D3D4E7EB}.Debug|Any CPU.Build.0 = Debug|Any CPU
		{D81A1C54-E2B3-4C35-B5B1-75D9D3D4E7EB}.Release|Any CPU.ActiveCfg = Release|Any CPU
		{D81A1C54-E2B3-4C35-B5B1-75D9D3D4E7EB}.Release|Any CPU.Build.0 = Release|Any CPU
		{E99C7AE8-6388-412C-9C35-F7148E2B5DFE}.Debug|Any CPU.ActiveCfg = Debug|Any CPU
		{E99C7AE8-6388-412C-9C35-F7148E2B5DFE}.Debug|Any CPU.Build.0 = Debug|Any CPU
		{E99C7AE8-6388-412C-9C35-F7148E2B5DFE}.Release|Any CPU.ActiveCfg = Release|Any CPU
		{E99C7AE8-6388-412C-9C35-F7148E2B5DFE}.Release|Any CPU.Build.0 = Release|Any CPU
		{60B05E2B-CD93-4D44-9FF0-F84135B40E03}.Debug|Any CPU.ActiveCfg = Debug|Any CPU
		{60B05E2B-CD93-4D44-9FF0-F84135B40E03}.Debug|Any CPU.Build.0 = Debug|Any CPU
		{60B05E2B-CD93-4D44-9FF0-F84135B40E03}.Release|Any CPU.ActiveCfg = Release|Any CPU
		{60B05E2B-CD93-4D44-9FF0-F84135B40E03}.Release|Any CPU.Build.0 = Release|Any CPU
	EndGlobalSection
	GlobalSection(SolutionProperties) = preSolution
		HideSolutionNode = FALSE
		{60B05E2B-CD93-4D44-9FF0-F84135B40E03}.Debug|Any CPU.ActiveCfg = Debug|Any CPU
		{60B05E2B-CD93-4D44-9FF0-F84135B40E03}.Debug|Any CPU.Build.0 = Debug|Any CPU
		{60B05E2B-CD93-4D44-9FF0-F84135B40E03}.Release|Any CPU.ActiveCfg = Release|Any CPU
		{60B05E2B-CD93-4D44-9FF0-F84135B40E03}.Release|Any CPU.Build.0 = Release|Any CPU
	EndGlobalSection
EndGlobal
