
Microsoft Visual Studio Solution File, Format Version 12.00
# Visual Studio Version 16
VisualStudioVersion = 16.0.30114.105
MinimumVisualStudioVersion = 10.0.40219.1
Project("{FAE04EC0-301F-11D3-BF4B-00C04F79EFBC}") = "TNO.Services.Syndication", "syndication\TNO.Services.Syndication.csproj", "{F3D767A1-7B69-415D-ADAF-29EF5814C4EA}"
EndProject
Project("{FAE04EC0-301F-11D3-BF4B-00C04F79EFBC}") = "TNO.Services.NLP", "nlp\TNO.Services.NLP.csproj", "{9F920C1C-1D67-4D34-A60E-5608D4989762}"
EndProject
Project("{FAE04EC0-301F-11D3-BF4B-00C04F79EFBC}") = "TNO.Services.Content", "content\TNO.Services.Content.csproj", "{F57E61B8-C192-4FF9-B211-77FEAB8890B0}"
EndProject
Project("{FAE04EC0-301F-11D3-BF4B-00C04F79EFBC}") = "TNO.Services.Capture", "capture\TNO.Services.Capture.csproj", "{3D6F6F0D-E74E-45A4-BA5E-49B42E918666}"
EndProject
Project("{FAE04EC0-301F-11D3-BF4B-00C04F79EFBC}") = "TNO.Services.Command", "command\TNO.Services.Command.csproj", "{7E4A9F16-3A45-48C7-8EB8-4A2EA1F9FBBF}"
EndProject
Project("{FAE04EC0-301F-11D3-BF4B-00C04F79EFBC}") = "TNO.Services.Clip", "clip\TNO.Services.Clip.csproj", "{C45D2D4B-3B1C-42CC-912E-44BDB83BB3ED}"
EndProject
Global
	GlobalSection(SolutionConfigurationPlatforms) = preSolution
		Debug|Any CPU = Debug|Any CPU
		Release|Any CPU = Release|Any CPU
	EndGlobalSection
	GlobalSection(SolutionProperties) = preSolution
		HideSolutionNode = FALSE
	EndGlobalSection
	GlobalSection(ProjectConfigurationPlatforms) = postSolution
		{F3D767A1-7B69-415D-ADAF-29EF5814C4EA}.Debug|Any CPU.ActiveCfg = Debug|Any CPU
		{F3D767A1-7B69-415D-ADAF-29EF5814C4EA}.Debug|Any CPU.Build.0 = Debug|Any CPU
		{F3D767A1-7B69-415D-ADAF-29EF5814C4EA}.Release|Any CPU.ActiveCfg = Release|Any CPU
		{F3D767A1-7B69-415D-ADAF-29EF5814C4EA}.Release|Any CPU.Build.0 = Release|Any CPU
		{9F920C1C-1D67-4D34-A60E-5608D4989762}.Debug|Any CPU.ActiveCfg = Debug|Any CPU
		{9F920C1C-1D67-4D34-A60E-5608D4989762}.Debug|Any CPU.Build.0 = Debug|Any CPU
		{9F920C1C-1D67-4D34-A60E-5608D4989762}.Release|Any CPU.ActiveCfg = Release|Any CPU
		{9F920C1C-1D67-4D34-A60E-5608D4989762}.Release|Any CPU.Build.0 = Release|Any CPU
		{F57E61B8-C192-4FF9-B211-77FEAB8890B0}.Debug|Any CPU.ActiveCfg = Debug|Any CPU
		{F57E61B8-C192-4FF9-B211-77FEAB8890B0}.Debug|Any CPU.Build.0 = Debug|Any CPU
		{F57E61B8-C192-4FF9-B211-77FEAB8890B0}.Release|Any CPU.ActiveCfg = Release|Any CPU
		{F57E61B8-C192-4FF9-B211-77FEAB8890B0}.Release|Any CPU.Build.0 = Release|Any CPU
		{3D6F6F0D-E74E-45A4-BA5E-49B42E918666}.Debug|Any CPU.ActiveCfg = Debug|Any CPU
		{3D6F6F0D-E74E-45A4-BA5E-49B42E918666}.Debug|Any CPU.Build.0 = Debug|Any CPU
		{3D6F6F0D-E74E-45A4-BA5E-49B42E918666}.Release|Any CPU.ActiveCfg = Release|Any CPU
		{3D6F6F0D-E74E-45A4-BA5E-49B42E918666}.Release|Any CPU.Build.0 = Release|Any CPU
		{7E4A9F16-3A45-48C7-8EB8-4A2EA1F9FBBF}.Debug|Any CPU.ActiveCfg = Debug|Any CPU
		{7E4A9F16-3A45-48C7-8EB8-4A2EA1F9FBBF}.Debug|Any CPU.Build.0 = Debug|Any CPU
		{7E4A9F16-3A45-48C7-8EB8-4A2EA1F9FBBF}.Release|Any CPU.ActiveCfg = Release|Any CPU
		{7E4A9F16-3A45-48C7-8EB8-4A2EA1F9FBBF}.Release|Any CPU.Build.0 = Release|Any CPU
		{C45D2D4B-3B1C-42CC-912E-44BDB83BB3ED}.Debug|Any CPU.ActiveCfg = Debug|Any CPU
		{C45D2D4B-3B1C-42CC-912E-44BDB83BB3ED}.Debug|Any CPU.Build.0 = Debug|Any CPU
		{C45D2D4B-3B1C-42CC-912E-44BDB83BB3ED}.Release|Any CPU.ActiveCfg = Release|Any CPU
		{C45D2D4B-3B1C-42CC-912E-44BDB83BB3ED}.Release|Any CPU.Build.0 = Release|Any CPU
	EndGlobalSection
EndGlobal
