
Microsoft Visual Studio Solution File, Format Version 12.00
# Visual Studio Version 16
VisualStudioVersion = 16.0.30114.105
MinimumVisualStudioVersion = 10.0.40219.1
Project("{FAE04EC0-301F-11D3-BF4B-00C04F79EFBC}") = "TNO.Core", "core\TNO.Core.csproj", "{7FCD0392-3CEB-4B36-B7F3-33D3602DDB44}"
EndProject
Project("{FAE04EC0-301F-11D3-BF4B-00C04F79EFBC}") = "TNO.Entities", "entities\TNO.Entities.csproj", "{8C01FF24-6EAE-419B-AB00-588AFEF9A676}"
EndProject
Project("{FAE04EC0-301F-11D3-BF4B-00C04F79EFBC}") = "TNO.DAL", "dal\TNO.DAL.csproj", "{036CE85A-09E0-4C1A-8AC5-346893D78668}"
EndProject
Project("{FAE04EC0-301F-11D3-BF4B-00C04F79EFBC}") = "TNO.Reports", "reports\TNO.Reports.csproj", "{EAB3D198-CD94-42F8-A41F-E436D1ADBCE7}"
EndProject
Project("{FAE04EC0-301F-11D3-BF4B-00C04F79EFBC}") = "TNO.Models", "models\TNO.Models.csproj", "{1FF8B02A-481C-4646-B1F8-E7AC7000589E}"
EndProject
Project("{FAE04EC0-301F-11D3-BF4B-00C04F79EFBC}") = "TNO.Services", "services\TNO.Services.csproj", "{09E5BF16-D131-4FFD-BD2C-AEA8AFF9F73B}"
EndProject
Project("{FAE04EC0-301F-11D3-BF4B-00C04F79EFBC}") = "TNO.Keycloak", "keycloak\TNO.Keycloak.csproj", "{4DCA789D-6005-4BA3-A7C1-1139647F70B7}"
EndProject
Project("{2150E333-8FDC-42A3-9474-1A3956D46DE8}") = "tests", "tests", "{062EACFE-9CC0-42F7-B6B5-4556892C36CC}"
EndProject
Project("{FAE04EC0-301F-11D3-BF4B-00C04F79EFBC}") = "TNO.Test.DAL", "tests\dal\TNO.Test.DAL.csproj", "{DE579C2E-05C3-4B91-8CEA-B59E430A2C53}"
EndProject
Project("{FAE04EC0-301F-11D3-BF4B-00C04F79EFBC}") = "TNO.Test.Entities", "tests\entities\TNO.Test.Entities.csproj", "{EA915F28-0021-4D32-833F-7C67230235FC}"
EndProject
Project("{FAE04EC0-301F-11D3-BF4B-00C04F79EFBC}") = "TNO.Test.Services", "tests\services\TNO.Test.Services.csproj", "{CFFE2050-0837-4B0F-8C7E-F65B91C8256F}"
EndProject
Project("{FAE04EC0-301F-11D3-BF4B-00C04F79EFBC}") = "TNO.Kafka", "kafka\TNO.Kafka.csproj", "{7CAAB3D8-6135-4398-B5DC-8F2AEA28843D}"
EndProject
Project("{FAE04EC0-301F-11D3-BF4B-00C04F79EFBC}") = "TNO.Ches", "ches\TNO.Ches.csproj", "{08A82D74-0854-498F-9C74-E0A7242FE430}"
EndProject
Project("{FAE04EC0-301F-11D3-BF4B-00C04F79EFBC}") = "TNO.Elastic", "elastic\TNO.Elastic.csproj", "{01FB5BC6-3AAA-43E2-8BFB-E6BAC0F6262F}"
EndProject
Global
	GlobalSection(SolutionConfigurationPlatforms) = preSolution
		Debug|Any CPU = Debug|Any CPU
		Release|Any CPU = Release|Any CPU
	EndGlobalSection
	GlobalSection(SolutionProperties) = preSolution
		HideSolutionNode = FALSE
	EndGlobalSection
	GlobalSection(ProjectConfigurationPlatforms) = postSolution
		{7FCD0392-3CEB-4B36-B7F3-33D3602DDB44}.Debug|Any CPU.ActiveCfg = Debug|Any CPU
		{7FCD0392-3CEB-4B36-B7F3-33D3602DDB44}.Debug|Any CPU.Build.0 = Debug|Any CPU
		{7FCD0392-3CEB-4B36-B7F3-33D3602DDB44}.Release|Any CPU.ActiveCfg = Release|Any CPU
		{7FCD0392-3CEB-4B36-B7F3-33D3602DDB44}.Release|Any CPU.Build.0 = Release|Any CPU
		{8C01FF24-6EAE-419B-AB00-588AFEF9A676}.Debug|Any CPU.ActiveCfg = Debug|Any CPU
		{8C01FF24-6EAE-419B-AB00-588AFEF9A676}.Debug|Any CPU.Build.0 = Debug|Any CPU
		{8C01FF24-6EAE-419B-AB00-588AFEF9A676}.Release|Any CPU.ActiveCfg = Release|Any CPU
		{8C01FF24-6EAE-419B-AB00-588AFEF9A676}.Release|Any CPU.Build.0 = Release|Any CPU
		{036CE85A-09E0-4C1A-8AC5-346893D78668}.Debug|Any CPU.ActiveCfg = Debug|Any CPU
		{036CE85A-09E0-4C1A-8AC5-346893D78668}.Debug|Any CPU.Build.0 = Debug|Any CPU
		{036CE85A-09E0-4C1A-8AC5-346893D78668}.Release|Any CPU.ActiveCfg = Release|Any CPU
		{036CE85A-09E0-4C1A-8AC5-346893D78668}.Release|Any CPU.Build.0 = Release|Any CPU
		{EAB3D198-CD94-42F8-A41F-E436D1ADBCE7}.Debug|Any CPU.ActiveCfg = Debug|Any CPU
		{EAB3D198-CD94-42F8-A41F-E436D1ADBCE7}.Debug|Any CPU.Build.0 = Debug|Any CPU
		{EAB3D198-CD94-42F8-A41F-E436D1ADBCE7}.Release|Any CPU.ActiveCfg = Release|Any CPU
		{EAB3D198-CD94-42F8-A41F-E436D1ADBCE7}.Release|Any CPU.Build.0 = Release|Any CPU
		{1FF8B02A-481C-4646-B1F8-E7AC7000589E}.Debug|Any CPU.ActiveCfg = Debug|Any CPU
		{1FF8B02A-481C-4646-B1F8-E7AC7000589E}.Debug|Any CPU.Build.0 = Debug|Any CPU
		{1FF8B02A-481C-4646-B1F8-E7AC7000589E}.Release|Any CPU.ActiveCfg = Release|Any CPU
		{1FF8B02A-481C-4646-B1F8-E7AC7000589E}.Release|Any CPU.Build.0 = Release|Any CPU
		{09E5BF16-D131-4FFD-BD2C-AEA8AFF9F73B}.Debug|Any CPU.ActiveCfg = Debug|Any CPU
		{09E5BF16-D131-4FFD-BD2C-AEA8AFF9F73B}.Debug|Any CPU.Build.0 = Debug|Any CPU
		{09E5BF16-D131-4FFD-BD2C-AEA8AFF9F73B}.Release|Any CPU.ActiveCfg = Release|Any CPU
		{09E5BF16-D131-4FFD-BD2C-AEA8AFF9F73B}.Release|Any CPU.Build.0 = Release|Any CPU
		{4DCA789D-6005-4BA3-A7C1-1139647F70B7}.Debug|Any CPU.ActiveCfg = Debug|Any CPU
		{4DCA789D-6005-4BA3-A7C1-1139647F70B7}.Debug|Any CPU.Build.0 = Debug|Any CPU
		{4DCA789D-6005-4BA3-A7C1-1139647F70B7}.Release|Any CPU.ActiveCfg = Release|Any CPU
		{4DCA789D-6005-4BA3-A7C1-1139647F70B7}.Release|Any CPU.Build.0 = Release|Any CPU
		{DE579C2E-05C3-4B91-8CEA-B59E430A2C53}.Debug|Any CPU.ActiveCfg = Debug|Any CPU
		{DE579C2E-05C3-4B91-8CEA-B59E430A2C53}.Debug|Any CPU.Build.0 = Debug|Any CPU
		{DE579C2E-05C3-4B91-8CEA-B59E430A2C53}.Release|Any CPU.ActiveCfg = Release|Any CPU
		{DE579C2E-05C3-4B91-8CEA-B59E430A2C53}.Release|Any CPU.Build.0 = Release|Any CPU
		{EA915F28-0021-4D32-833F-7C67230235FC}.Debug|Any CPU.ActiveCfg = Debug|Any CPU
		{EA915F28-0021-4D32-833F-7C67230235FC}.Debug|Any CPU.Build.0 = Debug|Any CPU
		{EA915F28-0021-4D32-833F-7C67230235FC}.Release|Any CPU.ActiveCfg = Release|Any CPU
		{EA915F28-0021-4D32-833F-7C67230235FC}.Release|Any CPU.Build.0 = Release|Any CPU
		{CFFE2050-0837-4B0F-8C7E-F65B91C8256F}.Debug|Any CPU.ActiveCfg = Debug|Any CPU
		{CFFE2050-0837-4B0F-8C7E-F65B91C8256F}.Debug|Any CPU.Build.0 = Debug|Any CPU
		{CFFE2050-0837-4B0F-8C7E-F65B91C8256F}.Release|Any CPU.ActiveCfg = Release|Any CPU
		{CFFE2050-0837-4B0F-8C7E-F65B91C8256F}.Release|Any CPU.Build.0 = Release|Any CPU
		{7CAAB3D8-6135-4398-B5DC-8F2AEA28843D}.Debug|Any CPU.ActiveCfg = Debug|Any CPU
		{7CAAB3D8-6135-4398-B5DC-8F2AEA28843D}.Debug|Any CPU.Build.0 = Debug|Any CPU
		{7CAAB3D8-6135-4398-B5DC-8F2AEA28843D}.Release|Any CPU.ActiveCfg = Release|Any CPU
		{7CAAB3D8-6135-4398-B5DC-8F2AEA28843D}.Release|Any CPU.Build.0 = Release|Any CPU
		{08A82D74-0854-498F-9C74-E0A7242FE430}.Debug|Any CPU.ActiveCfg = Debug|Any CPU
		{08A82D74-0854-498F-9C74-E0A7242FE430}.Debug|Any CPU.Build.0 = Debug|Any CPU
		{08A82D74-0854-498F-9C74-E0A7242FE430}.Release|Any CPU.ActiveCfg = Release|Any CPU
		{08A82D74-0854-498F-9C74-E0A7242FE430}.Release|Any CPU.Build.0 = Release|Any CPU
		{01FB5BC6-3AAA-43E2-8BFB-E6BAC0F6262F}.Debug|Any CPU.ActiveCfg = Debug|Any CPU
		{01FB5BC6-3AAA-43E2-8BFB-E6BAC0F6262F}.Debug|Any CPU.Build.0 = Debug|Any CPU
		{01FB5BC6-3AAA-43E2-8BFB-E6BAC0F6262F}.Release|Any CPU.ActiveCfg = Release|Any CPU
		{01FB5BC6-3AAA-43E2-8BFB-E6BAC0F6262F}.Release|Any CPU.Build.0 = Release|Any CPU
	EndGlobalSection
	GlobalSection(NestedProjects) = preSolution
		{DE579C2E-05C3-4B91-8CEA-B59E430A2C53} = {062EACFE-9CC0-42F7-B6B5-4556892C36CC}
		{EA915F28-0021-4D32-833F-7C67230235FC} = {062EACFE-9CC0-42F7-B6B5-4556892C36CC}
		{CFFE2050-0837-4B0F-8C7E-F65B91C8256F} = {062EACFE-9CC0-42F7-B6B5-4556892C36CC}
	EndGlobalSection
EndGlobal
