# THIS IS AN AUTOGENERATED FILE. DO NOT EDIT THIS FILE DIRECTLY.
# yarn lockfile v1


"@babel/runtime@^7.21.0":
  version "7.22.5"
  dependencies:
    regenerator-runtime "^0.13.11"

"@cspotcode/source-map-support@^0.8.0":
  version "0.8.1"
  dependencies:
    "@jridgewell/trace-mapping" "0.3.9"

"@isaacs/cliui@^8.0.2":
  version "8.0.2"
  dependencies:
    string-width "^5.1.2"
    string-width-cjs "npm:string-width@^4.2.0"
    strip-ansi "^7.0.1"
    strip-ansi-cjs "npm:strip-ansi@^6.0.1"
    wrap-ansi "^8.1.0"
    wrap-ansi-cjs "npm:wrap-ansi@^7.0.0"

"@jridgewell/resolve-uri@^3.0.3":
  version "3.1.1"

"@jridgewell/sourcemap-codec@^1.4.10":
  version "1.4.15"

"@jridgewell/trace-mapping@0.3.9":
  version "0.3.9"
  dependencies:
    "@jridgewell/resolve-uri" "^3.0.3"
    "@jridgewell/sourcemap-codec" "^1.4.10"

"@kurkle/color@^0.3.0":
  version "0.3.2"

"@mapbox/node-pre-gyp@^1.0.0":
  version "1.0.10"
  dependencies:
    detect-libc "^2.0.0"
    https-proxy-agent "^5.0.0"
    make-dir "^3.1.0"
    node-fetch "^2.6.7"
    nopt "^5.0.0"
    npmlog "^5.0.1"
    rimraf "^3.0.2"
    semver "^7.3.5"
    tar "^6.1.11"

"@pkgjs/parseargs@^0.11.0":
  version "0.11.0"

"@tsconfig/node10@^1.0.7":
  version "1.0.9"

"@tsconfig/node12@^1.0.7":
  version "1.0.11"

"@tsconfig/node14@^1.0.0":
  version "1.0.3"

"@tsconfig/node16@^1.0.2":
  version "1.0.4"

"@types/body-parser@*":
  version "1.19.2"
  dependencies:
    "@types/connect" "*"
    "@types/node" "*"

"@types/connect@*":
  version "3.4.35"
  dependencies:
    "@types/node" "*"

"@types/express-serve-static-core@^4.17.33":
  version "4.17.35"
  dependencies:
    "@types/node" "*"
    "@types/qs" "*"
    "@types/range-parser" "*"
    "@types/send" "*"

"@types/express@*", "@types/express@4.17.17":
  version "4.17.17"
  dependencies:
    "@types/body-parser" "*"
    "@types/express-serve-static-core" "^4.17.33"
    "@types/qs" "*"
    "@types/serve-static" "*"

"@types/http-errors@*":
  version "2.0.1"

"@types/mime@*":
  version "3.0.1"

"@types/mime@^1":
  version "1.3.2"

"@types/node@*", "@types/node@20.3.2":
  version "20.3.2"

"@types/qs@*":
  version "6.9.7"

"@types/range-parser@*":
  version "1.2.4"

"@types/send@*":
  version "0.17.1"
  dependencies:
    "@types/mime" "^1"
    "@types/node" "*"

"@types/serve-favicon@2.5.4":
  version "2.5.4"
  dependencies:
    "@types/express" "*"

"@types/serve-static@*":
  version "1.15.2"
  dependencies:
    "@types/http-errors" "*"
    "@types/mime" "*"
    "@types/node" "*"

abbrev@1:
  version "1.1.1"

accepts@~1.3.8:
  version "1.3.8"
  dependencies:
    mime-types "~2.1.34"
    negotiator "0.6.3"

acorn-walk@^8.1.1:
  version "8.2.0"

acorn@^8.4.1:
  version "8.10.0"

agent-base@6:
  version "6.0.2"
  dependencies:
    debug "4"

ansi-regex@^5.0.1:
  version "5.0.1"

ansi-regex@^6.0.1:
  version "6.0.1"

ansi-styles@^4.0.0, ansi-styles@^4.1.0:
  version "4.3.0"
  dependencies:
    color-convert "^2.0.1"

ansi-styles@^6.1.0:
  version "6.2.1"

anymatch@~3.1.2:
  version "3.1.3"
  dependencies:
    normalize-path "^3.0.0"
    picomatch "^2.0.4"

"aproba@^1.0.3 || ^2.0.0":
  version "2.0.0"

are-we-there-yet@^2.0.0:
  version "2.0.0"
  dependencies:
    delegates "^1.0.0"
    readable-stream "^3.6.0"

arg@^4.1.0:
  version "4.1.3"

array-flatten@1.1.1:
  version "1.1.1"

balanced-match@^1.0.0:
  version "1.0.2"

binary-extensions@^2.0.0:
  version "2.2.0"

body-parser@1.20.1:
  version "1.20.1"
  dependencies:
    bytes "3.1.2"
    content-type "~1.0.4"
    debug "2.6.9"
    depd "2.0.0"
    destroy "1.2.0"
    http-errors "2.0.0"
    iconv-lite "0.4.24"
    on-finished "2.4.1"
    qs "6.11.0"
    raw-body "2.5.1"
    type-is "~1.6.18"
    unpipe "1.0.0"

brace-expansion@^1.1.7:
  version "1.1.11"
  dependencies:
    balanced-match "^1.0.0"
    concat-map "0.0.1"

brace-expansion@^2.0.1:
  version "2.0.1"
  dependencies:
    balanced-match "^1.0.0"

braces@~3.0.2:
  version "3.0.2"
  dependencies:
    fill-range "^7.0.1"

bytes@3.1.2:
  version "3.1.2"

call-bind@^1.0.0:
  version "1.0.2"
  dependencies:
    function-bind "^1.1.1"
    get-intrinsic "^1.0.2"

canvas@2.11.2:
  version "2.11.2"
  dependencies:
    "@mapbox/node-pre-gyp" "^1.0.0"
    nan "^2.17.0"
    simple-get "^3.0.3"

chalk@^4.1.2:
  version "4.1.2"
  dependencies:
    ansi-styles "^4.1.0"
    supports-color "^7.1.0"

chart.js@>=3.0.0, chart.js@4.3.0:
  version "4.3.0"
  dependencies:
    "@kurkle/color" "^0.3.0"

chartjs-plugin-datalabels@2.2.0:
  version "2.2.0"

chokidar@^3.5.2:
  version "3.5.3"
  dependencies:
    anymatch "~3.1.2"
    braces "~3.0.2"
    glob-parent "~5.1.2"
    is-binary-path "~2.1.0"
    is-glob "~4.0.1"
    normalize-path "~3.0.0"
    readdirp "~3.6.0"
  optionalDependencies:
    fsevents "~2.3.2"

chownr@^2.0.0:
  version "2.0.0"

cliui@^7.0.2:
  version "7.0.4"
  dependencies:
    string-width "^4.2.0"
    strip-ansi "^6.0.0"
    wrap-ansi "^7.0.0"

cliui@^8.0.1:
  version "8.0.1"
  dependencies:
    string-width "^4.2.0"
    strip-ansi "^6.0.1"
    wrap-ansi "^7.0.0"

color-convert@^2.0.1:
  version "2.0.1"
  dependencies:
    color-name "~1.1.4"

color-name@~1.1.4:
  version "1.1.4"

color-support@^1.1.2:
  version "1.1.3"

concat-map@0.0.1:
  version "0.0.1"

concurrently@8.2.0:
  version "8.2.0"
  dependencies:
    chalk "^4.1.2"
    date-fns "^2.30.0"
    lodash "^4.17.21"
    rxjs "^7.8.1"
    shell-quote "^1.8.1"
    spawn-command "0.0.2"
    supports-color "^8.1.1"
    tree-kill "^1.2.2"
    yargs "^17.7.2"

console-control-strings@^1.0.0, console-control-strings@^1.1.0:
  version "1.1.0"

content-disposition@0.5.4:
  version "0.5.4"
  dependencies:
    safe-buffer "5.2.1"

content-type@~1.0.4:
  version "1.0.5"

cookie-signature@1.0.6:
  version "1.0.6"

cookie@0.5.0:
  version "0.5.0"

copyfiles@2.4.1:
  version "2.4.1"
  dependencies:
    glob "^7.0.5"
    minimatch "^3.0.3"
    mkdirp "^1.0.4"
    noms "0.0.0"
    through2 "^2.0.1"
    untildify "^4.0.0"
    yargs "^16.1.0"

core-util-is@~1.0.0:
  version "1.0.3"

create-require@^1.1.0:
  version "1.1.1"

cross-spawn@^7.0.0:
  version "7.0.3"
  dependencies:
    path-key "^3.1.0"
    shebang-command "^2.0.0"
    which "^2.0.1"

date-fns@^2.30.0:
  version "2.30.0"
  dependencies:
    "@babel/runtime" "^7.21.0"

debug@^3.2.7:
  version "3.2.7"
  dependencies:
    ms "^2.1.1"

debug@2.6.9:
  version "2.6.9"
  dependencies:
    ms "2.0.0"

debug@4:
  version "4.3.4"
  dependencies:
    ms "2.1.2"

decompress-response@^4.2.0:
  version "4.2.1"
  dependencies:
    mimic-response "^2.0.0"

delegates@^1.0.0:
  version "1.0.0"

depd@2.0.0:
  version "2.0.0"

destroy@1.2.0:
  version "1.2.0"

detect-libc@^2.0.0:
  version "2.0.1"

diff@^4.0.1:
  version "4.0.2"

dotenv@16.3.1:
  version "16.3.1"

eastasianwidth@^0.2.0:
  version "0.2.0"

ee-first@1.1.1:
  version "1.1.1"

emoji-regex@^8.0.0:
  version "8.0.0"

emoji-regex@^9.2.2:
  version "9.2.2"

encodeurl@~1.0.2:
  version "1.0.2"

encoding@^0.1.0:
  version "0.1.13"
  dependencies:
    iconv-lite "^0.6.2"

escalade@^3.1.1:
  version "3.1.1"

escape-html@~1.0.3:
  version "1.0.3"

etag@~1.8.1:
  version "1.8.1"

express@4.18.2:
  version "4.18.2"
  dependencies:
    accepts "~1.3.8"
    array-flatten "1.1.1"
    body-parser "1.20.1"
    content-disposition "0.5.4"
    content-type "~1.0.4"
    cookie "0.5.0"
    cookie-signature "1.0.6"
    debug "2.6.9"
    depd "2.0.0"
    encodeurl "~1.0.2"
    escape-html "~1.0.3"
    etag "~1.8.1"
    finalhandler "1.2.0"
    fresh "0.5.2"
    http-errors "2.0.0"
    merge-descriptors "1.0.1"
    methods "~1.1.2"
    on-finished "2.4.1"
    parseurl "~1.3.3"
    path-to-regexp "0.1.7"
    proxy-addr "~2.0.7"
    qs "6.11.0"
    range-parser "~1.2.1"
    safe-buffer "5.2.1"
    send "0.18.0"
    serve-static "1.15.0"
    setprototypeof "1.2.0"
    statuses "2.0.1"
    type-is "~1.6.18"
    utils-merge "1.0.1"
    vary "~1.1.2"

fill-range@^7.0.1:
  version "7.0.1"
  dependencies:
    to-regex-range "^5.0.1"

finalhandler@1.2.0:
  version "1.2.0"
  dependencies:
    debug "2.6.9"
    encodeurl "~1.0.2"
    escape-html "~1.0.3"
    on-finished "2.4.1"
    parseurl "~1.3.3"
    statuses "2.0.1"
    unpipe "~1.0.0"

foreground-child@^3.1.0:
  version "3.1.1"
  dependencies:
    cross-spawn "^7.0.0"
    signal-exit "^4.0.1"

forwarded@0.2.0:
  version "0.2.0"

fresh@0.5.2:
  version "0.5.2"

fs-minipass@^2.0.0:
  version "2.1.0"
  dependencies:
    minipass "^3.0.0"

fs.realpath@^1.0.0:
  version "1.0.0"

function-bind@^1.1.1:
  version "1.1.1"

gauge@^3.0.0:
  version "3.0.2"
  dependencies:
    aproba "^1.0.3 || ^2.0.0"
    color-support "^1.1.2"
    console-control-strings "^1.0.0"
    has-unicode "^2.0.1"
    object-assign "^4.1.1"
    signal-exit "^3.0.0"
    string-width "^4.2.3"
    strip-ansi "^6.0.1"
    wide-align "^1.1.2"

get-caller-file@^2.0.5:
  version "2.0.5"

get-intrinsic@^1.0.2:
  version "1.2.1"
  dependencies:
    function-bind "^1.1.1"
    has "^1.0.3"
    has-proto "^1.0.1"
    has-symbols "^1.0.3"

glob-parent@~5.1.2:
  version "5.1.2"
  dependencies:
    is-glob "^4.0.1"

glob@^10.2.5:
  version "10.3.1"
  dependencies:
    foreground-child "^3.1.0"
    jackspeak "^2.0.3"
    minimatch "^9.0.1"
    minipass "^5.0.0 || ^6.0.2"
    path-scurry "^1.10.0"

glob@^7.0.5, glob@^7.1.3:
  version "7.2.3"
  dependencies:
    fs.realpath "^1.0.0"
    inflight "^1.0.4"
    inherits "2"
    minimatch "^3.1.1"
    once "^1.3.0"
    path-is-absolute "^1.0.0"

has-flag@^3.0.0:
  version "3.0.0"

has-flag@^4.0.0:
  version "4.0.0"

has-proto@^1.0.1:
  version "1.0.1"

has-symbols@^1.0.3:
  version "1.0.3"

has-unicode@^2.0.1:
  version "2.0.1"

has@^1.0.3:
  version "1.0.3"
  dependencies:
    function-bind "^1.1.1"

http-errors@2.0.0:
  version "2.0.0"
  dependencies:
    depd "2.0.0"
    inherits "2.0.4"
    setprototypeof "1.2.0"
    statuses "2.0.1"
    toidentifier "1.0.1"

https-proxy-agent@^5.0.0:
  version "5.0.1"
  dependencies:
    agent-base "6"
    debug "4"

iconv-lite@^0.6.2:
  version "0.6.3"
  dependencies:
    safer-buffer ">= 2.1.2 < 3.0.0"

iconv-lite@0.4.24:
  version "0.4.24"
  dependencies:
    safer-buffer ">= 2.1.2 < 3"

ignore-by-default@^1.0.1:
  version "1.0.1"

inflight@^1.0.4:
  version "1.0.6"
  dependencies:
    once "^1.3.0"
    wrappy "1"

inherits@^2.0.1, inherits@^2.0.3, inherits@~2.0.1, inherits@~2.0.3, inherits@2, inherits@2.0.4:
  version "2.0.4"

ipaddr.js@1.9.1:
  version "1.9.1"

is-binary-path@~2.1.0:
  version "2.1.0"
  dependencies:
    binary-extensions "^2.0.0"

is-extglob@^2.1.1:
  version "2.1.1"

is-fullwidth-code-point@^3.0.0:
  version "3.0.0"

is-glob@^4.0.1, is-glob@~4.0.1:
  version "4.0.3"
  dependencies:
    is-extglob "^2.1.1"

is-number@^7.0.0:
  version "7.0.0"

isarray@~1.0.0:
  version "1.0.0"

isarray@0.0.1:
  version "0.0.1"

isexe@^2.0.0:
  version "2.0.0"

jackspeak@^2.0.3:
  version "2.2.1"
  dependencies:
    "@isaacs/cliui" "^8.0.2"
  optionalDependencies:
    "@pkgjs/parseargs" "^0.11.0"

lodash@^4.17.21:
  version "4.17.21"

lru-cache@^6.0.0:
  version "6.0.0"
  dependencies:
    yallist "^4.0.0"

"lru-cache@^9.1.1 || ^10.0.0":
  version "10.0.0"

make-dir@^3.1.0:
  version "3.1.0"
  dependencies:
    semver "^6.0.0"

make-error@^1.1.1:
  version "1.3.6"

media-typer@0.3.0:
  version "0.3.0"

merge-descriptors@1.0.1:
  version "1.0.1"

methods@~1.1.2:
  version "1.1.2"

mime-db@1.52.0:
  version "1.52.0"

mime-types@~2.1.24, mime-types@~2.1.34:
  version "2.1.35"
  dependencies:
    mime-db "1.52.0"

mime@1.6.0:
  version "1.6.0"

mimic-response@^2.0.0:
  version "2.1.0"

minimatch@^3.0.3, minimatch@^3.1.1, minimatch@^3.1.2:
  version "3.1.2"
  dependencies:
    brace-expansion "^1.1.7"

minimatch@^9.0.1:
  version "9.0.2"
  dependencies:
    brace-expansion "^2.0.1"

minipass@^3.0.0:
  version "3.3.6"
  dependencies:
    yallist "^4.0.0"

"minipass@^5.0.0 || ^6.0.2":
  version "6.0.2"

minipass@^5.0.0:
  version "5.0.0"

minizlib@^2.1.1:
  version "2.1.2"
  dependencies:
    minipass "^3.0.0"
    yallist "^4.0.0"

mkdirp@^1.0.3, mkdirp@^1.0.4:
  version "1.0.4"

"mmi-charts@file:":
  version "1.0.0"
  resolved "file:"
  dependencies:
    canvas "2.11.2"
    chart.js "4.3.0"
    chartjs-plugin-datalabels "2.2.0"
    express "4.18.2"
    mmi-charts "file:"
    serve-favicon "2.5.0"

ms@^2.1.1, ms@2.1.3:
  version "2.1.3"

ms@2.0.0:
  version "2.0.0"

ms@2.1.1:
  version "2.1.1"

ms@2.1.2:
  version "2.1.2"

nan@^2.17.0:
  version "2.17.0"

negotiator@0.6.3:
  version "0.6.3"

node-fetch@^2.6.7:
  version "2.6.11"
  dependencies:
    whatwg-url "^5.0.0"

nodemon@2.0.22:
  version "2.0.22"
  dependencies:
    chokidar "^3.5.2"
    debug "^3.2.7"
    ignore-by-default "^1.0.1"
    minimatch "^3.1.2"
    pstree.remy "^1.1.8"
    semver "^5.7.1"
    simple-update-notifier "^1.0.7"
    supports-color "^5.5.0"
    touch "^3.1.0"
    undefsafe "^2.0.5"

noms@0.0.0:
  version "0.0.0"
  dependencies:
    inherits "^2.0.1"
    readable-stream "~1.0.31"

nopt@^5.0.0:
  version "5.0.0"
  dependencies:
    abbrev "1"

nopt@~1.0.10:
  version "1.0.10"
  dependencies:
    abbrev "1"

normalize-path@^3.0.0, normalize-path@~3.0.0:
  version "3.0.0"

npmlog@^5.0.1:
  version "5.0.1"
  dependencies:
    are-we-there-yet "^2.0.0"
    console-control-strings "^1.1.0"
    gauge "^3.0.0"
    set-blocking "^2.0.0"

object-assign@^4.1.1:
  version "4.1.1"

object-inspect@^1.9.0:
  version "1.12.3"

on-finished@2.4.1:
  version "2.4.1"
  dependencies:
    ee-first "1.1.1"

once@^1.3.0, once@^1.3.1:
  version "1.4.0"
  dependencies:
    wrappy "1"

parseurl@~1.3.2, parseurl@~1.3.3:
  version "1.3.3"

path-is-absolute@^1.0.0:
  version "1.0.1"

path-key@^3.1.0:
  version "3.1.1"

path-scurry@^1.10.0:
  version "1.10.0"
  dependencies:
    lru-cache "^9.1.1 || ^10.0.0"
    minipass "^5.0.0 || ^6.0.2"

path-to-regexp@0.1.7:
  version "0.1.7"

picomatch@^2.0.4, picomatch@^2.2.1:
  version "2.3.1"

process-nextick-args@~2.0.0:
  version "2.0.1"

proxy-addr@~2.0.7:
  version "2.0.7"
  dependencies:
    forwarded "0.2.0"
    ipaddr.js "1.9.1"

pstree.remy@^1.1.8:
  version "1.1.8"

qs@6.11.0:
  version "6.11.0"
  dependencies:
    side-channel "^1.0.4"

range-parser@~1.2.1:
  version "1.2.1"

raw-body@2.5.1:
  version "2.5.1"
  dependencies:
    bytes "3.1.2"
    http-errors "2.0.0"
    iconv-lite "0.4.24"
    unpipe "1.0.0"

readable-stream@^3.6.0:
  version "3.6.2"
  dependencies:
    inherits "^2.0.3"
    string_decoder "^1.1.1"
    util-deprecate "^1.0.1"

readable-stream@~1.0.31:
  version "1.0.34"
  dependencies:
    core-util-is "~1.0.0"
    inherits "~2.0.1"
    isarray "0.0.1"
    string_decoder "~0.10.x"

readable-stream@~2.3.6:
  version "2.3.8"
  dependencies:
    core-util-is "~1.0.0"
    inherits "~2.0.3"
    isarray "~1.0.0"
    process-nextick-args "~2.0.0"
    safe-buffer "~5.1.1"
    string_decoder "~1.1.1"
    util-deprecate "~1.0.1"

readdirp@~3.6.0:
  version "3.6.0"
  dependencies:
    picomatch "^2.2.1"

regenerator-runtime@^0.13.11:
  version "0.13.11"

require-directory@^2.1.1:
  version "2.1.1"

rimraf@^3.0.2:
  version "3.0.2"
  dependencies:
    glob "^7.1.3"

rimraf@5.0.1:
  version "5.0.1"
  dependencies:
    glob "^10.2.5"

rxjs@^7.8.1:
  version "7.8.1"
  dependencies:
    tslib "^2.1.0"

safe-buffer@~5.1.0, safe-buffer@~5.1.1:
  version "5.1.2"

safe-buffer@~5.2.0, safe-buffer@5.2.1:
  version "5.2.1"

safe-buffer@5.1.1:
  version "5.1.1"

"safer-buffer@>= 2.1.2 < 3", "safer-buffer@>= 2.1.2 < 3.0.0":
  version "2.1.2"

semver@^5.7.1:
  version "5.7.1"

semver@^6.0.0:
  version "6.3.0"

semver@^7.3.5:
  version "7.5.3"
  dependencies:
    lru-cache "^6.0.0"

semver@~7.0.0:
  version "7.0.0"

send@0.18.0:
  version "0.18.0"
  dependencies:
    debug "2.6.9"
    depd "2.0.0"
    destroy "1.2.0"
    encodeurl "~1.0.2"
    escape-html "~1.0.3"
    etag "~1.8.1"
    fresh "0.5.2"
    http-errors "2.0.0"
    mime "1.6.0"
    ms "2.1.3"
    on-finished "2.4.1"
    range-parser "~1.2.1"
    statuses "2.0.1"

serve-favicon@2.5.0:
  version "2.5.0"
  dependencies:
    etag "~1.8.1"
    fresh "0.5.2"
    ms "2.1.1"
    parseurl "~1.3.2"
    safe-buffer "5.1.1"

serve-static@1.15.0:
  version "1.15.0"
  dependencies:
    encodeurl "~1.0.2"
    escape-html "~1.0.3"
    parseurl "~1.3.3"
    send "0.18.0"

set-blocking@^2.0.0:
  version "2.0.0"

setprototypeof@1.2.0:
  version "1.2.0"

shebang-command@^2.0.0:
  version "2.0.0"
  dependencies:
    shebang-regex "^3.0.0"

shebang-regex@^3.0.0:
  version "3.0.0"

shell-quote@^1.8.1:
  version "1.8.1"

side-channel@^1.0.4:
  version "1.0.4"
  dependencies:
    call-bind "^1.0.0"
    get-intrinsic "^1.0.2"
    object-inspect "^1.9.0"

signal-exit@^3.0.0:
  version "3.0.7"

signal-exit@^4.0.1:
  version "4.0.2"

simple-concat@^1.0.0:
  version "1.0.1"

simple-get@^3.0.3:
  version "3.1.1"
  dependencies:
    decompress-response "^4.2.0"
    once "^1.3.1"
    simple-concat "^1.0.0"

simple-update-notifier@^1.0.7:
  version "1.1.0"
  dependencies:
    semver "~7.0.0"

spawn-command@0.0.2:
  version "0.0.2"

statuses@2.0.1:
  version "2.0.1"

string_decoder@^1.1.1:
  version "1.3.0"
  dependencies:
    safe-buffer "~5.2.0"

string_decoder@~0.10.x:
  version "0.10.31"

string_decoder@~1.1.1:
  version "1.1.1"
  dependencies:
    safe-buffer "~5.1.0"

"string-width-cjs@npm:string-width@^4.2.0":
  version "4.2.3"
  dependencies:
    emoji-regex "^8.0.0"
    is-fullwidth-code-point "^3.0.0"
    strip-ansi "^6.0.1"

"string-width@^1.0.2 || 2 || 3 || 4", string-width@^4.1.0, string-width@^4.2.0, string-width@^4.2.3:
  version "4.2.3"
  dependencies:
    emoji-regex "^8.0.0"
    is-fullwidth-code-point "^3.0.0"
    strip-ansi "^6.0.1"

string-width@^5.0.1, string-width@^5.1.2:
  version "5.1.2"
  dependencies:
    eastasianwidth "^0.2.0"
    emoji-regex "^9.2.2"
    strip-ansi "^7.0.1"

"strip-ansi-cjs@npm:strip-ansi@^6.0.1":
  version "6.0.1"
  dependencies:
    ansi-regex "^5.0.1"

strip-ansi@^6.0.0, strip-ansi@^6.0.1:
  version "6.0.1"
  dependencies:
    ansi-regex "^5.0.1"

strip-ansi@^7.0.1:
  version "7.1.0"
  dependencies:
    ansi-regex "^6.0.1"

supports-color@^5.5.0:
  version "5.5.0"
  dependencies:
    has-flag "^3.0.0"

supports-color@^7.1.0:
  version "7.2.0"
  dependencies:
    has-flag "^4.0.0"

supports-color@^8.1.1:
  version "8.1.1"
  dependencies:
    has-flag "^4.0.0"

tar@^6.1.11:
  version "6.1.15"
  dependencies:
    chownr "^2.0.0"
    fs-minipass "^2.0.0"
    minipass "^5.0.0"
    minizlib "^2.1.1"
    mkdirp "^1.0.3"
    yallist "^4.0.0"

through2@^2.0.1:
  version "2.0.5"
  dependencies:
    readable-stream "~2.3.6"
    xtend "~4.0.1"

to-regex-range@^5.0.1:
  version "5.0.1"
  dependencies:
    is-number "^7.0.0"

toidentifier@1.0.1:
  version "1.0.1"

touch@^3.1.0:
  version "3.1.0"
  dependencies:
    nopt "~1.0.10"

tr46@~0.0.3:
  version "0.0.3"

tree-kill@^1.2.2:
  version "1.2.2"

ts-node@10.9.1:
  version "10.9.1"
  dependencies:
    "@cspotcode/source-map-support" "^0.8.0"
    "@tsconfig/node10" "^1.0.7"
    "@tsconfig/node12" "^1.0.7"
    "@tsconfig/node14" "^1.0.0"
    "@tsconfig/node16" "^1.0.2"
    acorn "^8.4.1"
    acorn-walk "^8.1.1"
    arg "^4.1.0"
    create-require "^1.1.0"
    diff "^4.0.1"
    make-error "^1.1.1"
    v8-compile-cache-lib "^3.0.1"
    yn "3.1.1"

tslib@^2.1.0:
  version "2.5.3"

type-is@~1.6.18:
  version "1.6.18"
  dependencies:
    media-typer "0.3.0"
    mime-types "~2.1.24"

typescript@>=2.7, typescript@5.1.3:
  version "5.1.3"

undefsafe@^2.0.5:
  version "2.0.5"

unpipe@~1.0.0, unpipe@1.0.0:
  version "1.0.0"

untildify@^4.0.0:
  version "4.0.0"

util-deprecate@^1.0.1, util-deprecate@~1.0.1:
  version "1.0.2"

utils-merge@1.0.1:
  version "1.0.1"

v8-compile-cache-lib@^3.0.1:
  version "3.0.1"

vary@~1.1.2:
  version "1.1.2"

webidl-conversions@^3.0.0:
  version "3.0.1"

whatwg-url@^5.0.0:
  version "5.0.0"
  dependencies:
    tr46 "~0.0.3"
    webidl-conversions "^3.0.0"

which@^2.0.1:
  version "2.0.2"
  dependencies:
    isexe "^2.0.0"

wide-align@^1.1.2:
  version "1.1.5"
  dependencies:
    string-width "^1.0.2 || 2 || 3 || 4"

"wrap-ansi-cjs@npm:wrap-ansi@^7.0.0":
  version "7.0.0"
  dependencies:
    ansi-styles "^4.0.0"
    string-width "^4.1.0"
    strip-ansi "^6.0.0"

wrap-ansi@^7.0.0:
  version "7.0.0"
  dependencies:
    ansi-styles "^4.0.0"
    string-width "^4.1.0"
    strip-ansi "^6.0.0"

wrap-ansi@^8.1.0:
  version "8.1.0"
  dependencies:
    ansi-styles "^6.1.0"
    string-width "^5.0.1"
    strip-ansi "^7.0.1"

wrappy@1:
  version "1.0.2"

xtend@~4.0.1:
  version "4.0.2"

y18n@^5.0.5:
  version "5.0.8"

yallist@^4.0.0:
  version "4.0.0"

yargs-parser@^20.2.2:
  version "20.2.9"

yargs-parser@^21.1.1:
  version "21.1.1"

yargs@^16.1.0:
  version "16.2.0"
  dependencies:
    cliui "^7.0.2"
    escalade "^3.1.1"
    get-caller-file "^2.0.5"
    require-directory "^2.1.1"
    string-width "^4.2.0"
    y18n "^5.0.5"
    yargs-parser "^20.2.2"

yargs@^17.7.2:
  version "17.7.2"
  dependencies:
    cliui "^8.0.1"
    escalade "^3.1.1"
    get-caller-file "^2.0.5"
    require-directory "^2.1.1"
    string-width "^4.2.3"
    y18n "^5.0.5"
    yargs-parser "^21.1.1"

yn@3.1.1:
  version "3.1.1"
